
Microsoft Visual Studio Solution File, Format Version 11.00
# Visual Studio 2010
Project("{FAE04EC0-301F-11D3-BF4B-00C04F79EFBC}") = "lastestmine", "Assembly-CSharp.csproj", "{72C7E5E1-F30A-BB07-B800-38381F1F2B69}"
EndProject
Project("{FAE04EC0-301F-11D3-BF4B-00C04F79EFBC}") = "lastestmine", "Assembly-CSharp-firstpass.csproj", "{4ED9F507-9C78-C86C-7C4C-8C281580C950}"
EndProject
Project("{FAE04EC0-301F-11D3-BF4B-00C04F79EFBC}") = "lastestmine", "Assembly-CSharp-Editor.csproj", "{D814D042-32B2-206B-A927-A40DFDA349C3}"
EndProject
Global
	GlobalSection(SolutionConfigurationPlatforms) = preSolution
		Debug|Any CPU = Debug|Any CPU
		Release|Any CPU = Release|Any CPU
	EndGlobalSection
	GlobalSection(ProjectConfigurationPlatforms) = postSolution
		{72C7E5E1-F30A-BB07-B800-38381F1F2B69}.Debug|Any CPU.ActiveCfg = Debug|Any CPU
		{72C7E5E1-F30A-BB07-B800-38381F1F2B69}.Debug|Any CPU.Build.0 = Debug|Any CPU
		{72C7E5E1-F30A-BB07-B800-38381F1F2B69}.Release|Any CPU.ActiveCfg = Release|Any CPU
		{72C7E5E1-F30A-BB07-B800-38381F1F2B69}.Release|Any CPU.Build.0 = Release|Any CPU
		{4ED9F507-9C78-C86C-7C4C-8C281580C950}.Debug|Any CPU.ActiveCfg = Debug|Any CPU
		{4ED9F507-9C78-C86C-7C4C-8C281580C950}.Debug|Any CPU.Build.0 = Debug|Any CPU
		{4ED9F507-9C78-C86C-7C4C-8C281580C950}.Release|Any CPU.ActiveCfg = Release|Any CPU
		{4ED9F507-9C78-C86C-7C4C-8C281580C950}.Release|Any CPU.Build.0 = Release|Any CPU
		{D814D042-32B2-206B-A927-A40DFDA349C3}.Debug|Any CPU.ActiveCfg = Debug|Any CPU
		{D814D042-32B2-206B-A927-A40DFDA349C3}.Debug|Any CPU.Build.0 = Debug|Any CPU
		{D814D042-32B2-206B-A927-A40DFDA349C3}.Release|Any CPU.ActiveCfg = Release|Any CPU
		{D814D042-32B2-206B-A927-A40DFDA349C3}.Release|Any CPU.Build.0 = Release|Any CPU
	EndGlobalSection
	GlobalSection(SolutionProperties) = preSolution
		HideSolutionNode = FALSE
	EndGlobalSection
	GlobalSection(MonoDevelopProperties) = preSolution
		StartupItem = Assembly-CSharp.csproj
	EndGlobalSection
EndGlobal
